
Microsoft Visual Studio Solution File, Format Version 12.00
# Visual Studio 15
VisualStudioVersion = 15.0.26730.16
MinimumVisualStudioVersion = 10.0.40219.1
Project("{FAE04EC0-301F-11D3-BF4B-00C04F79EFBC}") = "BerryBird", "BerryBird\BerryBird.csproj", "{84ACC4B4-0976-42ED-9F03-DEB7DAB6FB5D}"
EndProject
Global
	GlobalSection(SolutionConfigurationPlatforms) = preSolution
		Debug|Any CPU = Debug|Any CPU
		Release|Any CPU = Release|Any CPU
	EndGlobalSection
	GlobalSection(ProjectConfigurationPlatforms) = postSolution
		{84ACC4B4-0976-42ED-9F03-DEB7DAB6FB5D}.Debug|Any CPU.ActiveCfg = Debug|Any CPU
		{84ACC4B4-0976-42ED-9F03-DEB7DAB6FB5D}.Debug|Any CPU.Build.0 = Debug|Any CPU
		{84ACC4B4-0976-42ED-9F03-DEB7DAB6FB5D}.Release|Any CPU.ActiveCfg = Release|Any CPU
		{84ACC4B4-0976-42ED-9F03-DEB7DAB6FB5D}.Release|Any CPU.Build.0 = Release|Any CPU
	EndGlobalSection
	GlobalSection(SolutionProperties) = preSolution
		HideSolutionNode = FALSE
	EndGlobalSection
	GlobalSection(ExtensibilityGlobals) = postSolution
		SolutionGuid = {28BEC0FA-57DB-4897-BBEC-9852ECE2E563}
	EndGlobalSection
EndGlobal
